
Microsoft Visual Studio Solution File, Format Version 12.00
# Visual Studio 15
VisualStudioVersion = 15.0.26430.15
MinimumVisualStudioVersion = 10.0.40219.1
Project("{FAE04EC0-301F-11D3-BF4B-00C04F79EFBC}") = "Let's Create Game Jam", "Let's Create Game Jam.csproj", "{514B6E8D-DF1E-3594-5D1E-72278BF0E34A}"
EndProject
Global
	GlobalSection(SolutionConfigurationPlatforms) = preSolution
		Debug|Any CPU = Debug|Any CPU
		Release|Any CPU = Release|Any CPU
	EndGlobalSection
	GlobalSection(ProjectConfigurationPlatforms) = postSolution
		{514B6E8D-DF1E-3594-5D1E-72278BF0E34A}.Debug|Any CPU.ActiveCfg = Debug|Any CPU
		{514B6E8D-DF1E-3594-5D1E-72278BF0E34A}.Debug|Any CPU.Build.0 = Debug|Any CPU
		{514B6E8D-DF1E-3594-5D1E-72278BF0E34A}.Release|Any CPU.ActiveCfg = Release|Any CPU
		{514B6E8D-DF1E-3594-5D1E-72278BF0E34A}.Release|Any CPU.Build.0 = Release|Any CPU
	EndGlobalSection
	GlobalSection(SolutionProperties) = preSolution
		HideSolutionNode = FALSE
	EndGlobalSection
EndGlobal
